
Microsoft Visual Studio Solution File, Format Version 12.00
# Visual Studio Version 17
VisualStudioVersion = 17.14.36202.13 d17.14
MinimumVisualStudioVersion = 10.0.40219.1
Project("{FAE04EC0-301F-11D3-BF4B-00C04F79EFBC}") = "HassensteinTD", "HassensteinTD.csproj", "{E73B0E16-72F2-45EB-94D6-65CD3B1221C4}"
EndProject
Global
	GlobalSection(SolutionConfigurationPlatforms) = preSolution
		Debug|Any CPU = Debug|Any CPU
		Release|Any CPU = Release|Any CPU
	EndGlobalSection
	GlobalSection(ProjectConfigurationPlatforms) = postSolution
		{E73B0E16-72F2-45EB-94D6-65CD3B1221C4}.Debug|Any CPU.ActiveCfg = Debug|Any CPU
		{E73B0E16-72F2-45EB-94D6-65CD3B1221C4}.Debug|Any CPU.Build.0 = Debug|Any CPU
		{E73B0E16-72F2-45EB-94D6-65CD3B1221C4}.Release|Any CPU.ActiveCfg = Release|Any CPU
		{E73B0E16-72F2-45EB-94D6-65CD3B1221C4}.Release|Any CPU.Build.0 = Release|Any CPU
	EndGlobalSection
	GlobalSection(SolutionProperties) = preSolution
		HideSolutionNode = FALSE
	EndGlobalSection
	GlobalSection(ExtensibilityGlobals) = postSolution
		SolutionGuid = {816FF824-0EF0-4799-A108-0E320465F3CF}
	EndGlobalSection
EndGlobal
